
Microsoft Visual Studio Solution File, Format Version 12.00
# Visual Studio Version 17
VisualStudioVersion = 17.8.34330.188
MinimumVisualStudioVersion = 10.0.40219.1
Project("{2150E333-8FDC-42A3-9474-1A3956D46DE8}") = "C#_Tutorial", "C#_Tutorial", "{894106DD-9FBD-484D-8267-2681D33AD46D}"
EndProject
Project("{9A19103F-16F7-4668-BE54-9A1E7A4F7556}") = "1_lesson_kirish", "1_lesson_kirish\1_lesson_kirish.csproj", "{0D7CBA92-3324-435A-9C09-264387E7ED66}"
EndProject
Project("{9A19103F-16F7-4668-BE54-9A1E7A4F7556}") = "2_lesson_data_type", "2_lesson_data_type\2_lesson_data_type.csproj", "{D6DC4BE3-042F-40B4-A033-5CCFB8054CD3}"
EndProject
Project("{9A19103F-16F7-4668-BE54-9A1E7A4F7556}") = "3_lesson_operator", "3_lesson_operator\3_lesson_operator.csproj", "{B3B2A6CD-6D2B-43D7-BFED-C36A89FEA41C}"
EndProject
Project("{9A19103F-16F7-4668-BE54-9A1E7A4F7556}") = "4_lesson_loop_function", "4_lesson_loop_function\4_lesson_loop_function.csproj", "{C3480867-6FF8-44B8-A3F5-673D859A9ABB}"
EndProject
Project("{9A19103F-16F7-4668-BE54-9A1E7A4F7556}") = "5_lesson_string_array", "5_lesson_string_array\5_lesson_string_array.csproj", "{8686C0D7-EF2A-4978-91EE-9F9D501F2615}"
EndProject
Project("{9A19103F-16F7-4668-BE54-9A1E7A4F7556}") = "6_Lesson_kopolchamli_array", "6_Lesson_kopolchamli_array\6_Lesson_kopolchamli_array.csproj", "{64A148F2-2F76-4137-8546-4EDB1A0E291F}"
EndProject
Project("{9A19103F-16F7-4668-BE54-9A1E7A4F7556}") = "7_lesson_oop_davomi", "7_lesson_oop_davomi\7_lesson_oop_davomi.csproj", "{DE67A545-8563-4D97-AA64-E38CD9AC5500}"
EndProject
Project("{9A19103F-16F7-4668-BE54-9A1E7A4F7556}") = "8_lesson_oop_advansed_sealid_static_class", "8_lesson_oop_advansed_sealid_static_class\8_lesson_oop_advansed_sealid_static_class.csproj", "{3075A617-38BA-4C54-A2F6-17DA6BDF6763}"
EndProject
Global
	GlobalSection(SolutionConfigurationPlatforms) = preSolution
		Debug|Any CPU = Debug|Any CPU
		Release|Any CPU = Release|Any CPU
	EndGlobalSection
	GlobalSection(ProjectConfigurationPlatforms) = postSolution
		{0D7CBA92-3324-435A-9C09-264387E7ED66}.Debug|Any CPU.ActiveCfg = Debug|Any CPU
		{0D7CBA92-3324-435A-9C09-264387E7ED66}.Debug|Any CPU.Build.0 = Debug|Any CPU
		{0D7CBA92-3324-435A-9C09-264387E7ED66}.Release|Any CPU.ActiveCfg = Release|Any CPU
		{0D7CBA92-3324-435A-9C09-264387E7ED66}.Release|Any CPU.Build.0 = Release|Any CPU
		{D6DC4BE3-042F-40B4-A033-5CCFB8054CD3}.Debug|Any CPU.ActiveCfg = Debug|Any CPU
		{D6DC4BE3-042F-40B4-A033-5CCFB8054CD3}.Debug|Any CPU.Build.0 = Debug|Any CPU
		{D6DC4BE3-042F-40B4-A033-5CCFB8054CD3}.Release|Any CPU.ActiveCfg = Release|Any CPU
		{D6DC4BE3-042F-40B4-A033-5CCFB8054CD3}.Release|Any CPU.Build.0 = Release|Any CPU
		{B3B2A6CD-6D2B-43D7-BFED-C36A89FEA41C}.Debug|Any CPU.ActiveCfg = Debug|Any CPU
		{B3B2A6CD-6D2B-43D7-BFED-C36A89FEA41C}.Debug|Any CPU.Build.0 = Debug|Any CPU
		{B3B2A6CD-6D2B-43D7-BFED-C36A89FEA41C}.Release|Any CPU.ActiveCfg = Release|Any CPU
		{B3B2A6CD-6D2B-43D7-BFED-C36A89FEA41C}.Release|Any CPU.Build.0 = Release|Any CPU
		{C3480867-6FF8-44B8-A3F5-673D859A9ABB}.Debug|Any CPU.ActiveCfg = Debug|Any CPU
		{C3480867-6FF8-44B8-A3F5-673D859A9ABB}.Debug|Any CPU.Build.0 = Debug|Any CPU
		{C3480867-6FF8-44B8-A3F5-673D859A9ABB}.Release|Any CPU.ActiveCfg = Release|Any CPU
		{C3480867-6FF8-44B8-A3F5-673D859A9ABB}.Release|Any CPU.Build.0 = Release|Any CPU
		{8686C0D7-EF2A-4978-91EE-9F9D501F2615}.Debug|Any CPU.ActiveCfg = Debug|Any CPU
		{8686C0D7-EF2A-4978-91EE-9F9D501F2615}.Debug|Any CPU.Build.0 = Debug|Any CPU
		{8686C0D7-EF2A-4978-91EE-9F9D501F2615}.Release|Any CPU.ActiveCfg = Release|Any CPU
		{8686C0D7-EF2A-4978-91EE-9F9D501F2615}.Release|Any CPU.Build.0 = Release|Any CPU
		{64A148F2-2F76-4137-8546-4EDB1A0E291F}.Debug|Any CPU.ActiveCfg = Release|Any CPU
		{64A148F2-2F76-4137-8546-4EDB1A0E291F}.Debug|Any CPU.Build.0 = Release|Any CPU
		{64A148F2-2F76-4137-8546-4EDB1A0E291F}.Release|Any CPU.ActiveCfg = Release|Any CPU
		{64A148F2-2F76-4137-8546-4EDB1A0E291F}.Release|Any CPU.Build.0 = Release|Any CPU
		{DE67A545-8563-4D97-AA64-E38CD9AC5500}.Debug|Any CPU.ActiveCfg = Debug|Any CPU
		{DE67A545-8563-4D97-AA64-E38CD9AC5500}.Debug|Any CPU.Build.0 = Debug|Any CPU
		{DE67A545-8563-4D97-AA64-E38CD9AC5500}.Release|Any CPU.ActiveCfg = Release|Any CPU
		{DE67A545-8563-4D97-AA64-E38CD9AC5500}.Release|Any CPU.Build.0 = Release|Any CPU
		{3075A617-38BA-4C54-A2F6-17DA6BDF6763}.Debug|Any CPU.ActiveCfg = Debug|Any CPU
		{3075A617-38BA-4C54-A2F6-17DA6BDF6763}.Debug|Any CPU.Build.0 = Debug|Any CPU
		{3075A617-38BA-4C54-A2F6-17DA6BDF6763}.Release|Any CPU.ActiveCfg = Release|Any CPU
		{3075A617-38BA-4C54-A2F6-17DA6BDF6763}.Release|Any CPU.Build.0 = Release|Any CPU
	EndGlobalSection
	GlobalSection(SolutionProperties) = preSolution
		HideSolutionNode = FALSE
	EndGlobalSection
	GlobalSection(NestedProjects) = preSolution
		{0D7CBA92-3324-435A-9C09-264387E7ED66} = {894106DD-9FBD-484D-8267-2681D33AD46D}
		{D6DC4BE3-042F-40B4-A033-5CCFB8054CD3} = {894106DD-9FBD-484D-8267-2681D33AD46D}
		{B3B2A6CD-6D2B-43D7-BFED-C36A89FEA41C} = {894106DD-9FBD-484D-8267-2681D33AD46D}
		{C3480867-6FF8-44B8-A3F5-673D859A9ABB} = {894106DD-9FBD-484D-8267-2681D33AD46D}
		{8686C0D7-EF2A-4978-91EE-9F9D501F2615} = {894106DD-9FBD-484D-8267-2681D33AD46D}
		{64A148F2-2F76-4137-8546-4EDB1A0E291F} = {894106DD-9FBD-484D-8267-2681D33AD46D}
		{DE67A545-8563-4D97-AA64-E38CD9AC5500} = {894106DD-9FBD-484D-8267-2681D33AD46D}
		{3075A617-38BA-4C54-A2F6-17DA6BDF6763} = {894106DD-9FBD-484D-8267-2681D33AD46D}
	EndGlobalSection
	GlobalSection(ExtensibilityGlobals) = postSolution
		SolutionGuid = {8481FDA6-E7E6-439F-837B-F1A319B0FC3A}
	EndGlobalSection
EndGlobal
