
Microsoft Visual Studio Solution File, Format Version 12.00
# Visual Studio Version 17
VisualStudioVersion = 17.0.31903.59
MinimumVisualStudioVersion = 10.0.40219.1
Project("{2150E333-8FDC-42A3-9474-1A3956D46DE8}") = "src", "src", "{33159F0A-F40E-434D-B585-E964AF69BF24}"
EndProject
Project("{2150E333-8FDC-42A3-9474-1A3956D46DE8}") = "Catalog", "Catalog", "{CDD5742B-7DCF-485F-A853-B67957ED9562}"
EndProject
Project("{2150E333-8FDC-42A3-9474-1A3956D46DE8}") = "Discount", "Discount", "{CBF13544-427E-4C60-AB9E-E2CE99C38AD3}"
EndProject
Project("{2150E333-8FDC-42A3-9474-1A3956D46DE8}") = "ShoppingCart", "ShoppingCart", "{5922E53A-9BC0-47A7-A393-1092F1C58A10}"
EndProject
Project("{2150E333-8FDC-42A3-9474-1A3956D46DE8}") = "Ordering", "Ordering", "{93E02F28-A90C-4C3C-B763-A9635D926388}"
EndProject
Project("{9A19103F-16F7-4668-BE54-9A1E7A4F7556}") = "Catalog.UI", "src\Catalog\Catalog.UI\Catalog.UI.csproj", "{BD04FEDF-7346-4884-941F-1E4E08D15FE5}"
EndProject
Project("{9A19103F-16F7-4668-BE54-9A1E7A4F7556}") = "Catalog.Domain", "src\Catalog\Catalog.Domain\Catalog.Domain.csproj", "{5FB8631C-55E6-4CBE-841D-7E11913EFDFD}"
EndProject
Project("{9A19103F-16F7-4668-BE54-9A1E7A4F7556}") = "Catalog.Infrastructure", "src\Catalog\Catalog.Infrastructure\Catalog.Infrastructure.csproj", "{87E45C70-449F-4F62-B0D3-C3806F30D0B3}"
EndProject
Project("{9A19103F-16F7-4668-BE54-9A1E7A4F7556}") = "Catalog.Application", "src\Catalog\Catalog.Application\Catalog.Application.csproj", "{803B7E70-6BC4-4D24-BD6A-C3645BB28484}"
EndProject
Project("{9A19103F-16F7-4668-BE54-9A1E7A4F7556}") = "Discount.Application", "src\Discount\Discount.Application\Discount.Application.csproj", "{637C4751-AE90-4995-8651-315883FC9A32}"
EndProject
Project("{9A19103F-16F7-4668-BE54-9A1E7A4F7556}") = "Discount.Domain", "src\Discount\Discount.Domain\Discount.Domain.csproj", "{629B835C-EA28-4612-9A97-F6A54486B6E4}"
EndProject
Project("{9A19103F-16F7-4668-BE54-9A1E7A4F7556}") = "Discount.Infrastructure", "src\Discount\Discount.Infrastructure\Discount.Infrastructure.csproj", "{551B4CC8-56BB-4F47-ADBF-6FEA8826EFDB}"
EndProject
Project("{9A19103F-16F7-4668-BE54-9A1E7A4F7556}") = "Discount.UI", "src\Discount\Discount.UI\Discount.UI.csproj", "{66386A22-2773-45B1-891A-85581D69B378}"
EndProject
Project("{9A19103F-16F7-4668-BE54-9A1E7A4F7556}") = "Ordering.UI", "src\Ordering\Ordering.UI\Ordering.UI.csproj", "{68199657-C415-49AC-84E1-573F2F265EF4}"
EndProject
Project("{9A19103F-16F7-4668-BE54-9A1E7A4F7556}") = "Cart.UI", "src\ShoppingCart\Cart.UI\Cart.UI.csproj", "{724CACCF-B9BA-4C0D-B14B-480E0A947C62}"
EndProject
Project("{9A19103F-16F7-4668-BE54-9A1E7A4F7556}") = "Ordering.Domain", "src\Ordering\Ordering.Domain\Ordering.Domain.csproj", "{738AD940-8F33-4403-B6E9-1CE43EAE6AF8}"
EndProject
Project("{9A19103F-16F7-4668-BE54-9A1E7A4F7556}") = "Ordering.Application", "src\Ordering\Ordering.Application\Ordering.Application.csproj", "{0133FA93-32D6-4086-A9BB-AE121B5FDAF0}"
EndProject
Project("{9A19103F-16F7-4668-BE54-9A1E7A4F7556}") = "Ordering.Infrastructure", "src\Ordering\Ordering.Infrastructure\Ordering.Infrastructure.csproj", "{B17AF0E3-98C1-4ADD-AE81-08203ACCE5C9}"
EndProject
Project("{9A19103F-16F7-4668-BE54-9A1E7A4F7556}") = "Cart.Domain", "src\ShoppingCart\Cart.Domain\Cart.Domain.csproj", "{CAEC907C-CDFE-4815-AFB9-1D21F160F47D}"
EndProject
Project("{9A19103F-16F7-4668-BE54-9A1E7A4F7556}") = "Cart.Application", "src\ShoppingCart\Cart.Application\Cart.Application.csproj", "{BD2C26F1-E6F2-4A3E-BD9D-B107F98F329C}"
EndProject
Project("{9A19103F-16F7-4668-BE54-9A1E7A4F7556}") = "Cart.Infrastructure", "src\ShoppingCart\Cart.Infrastructure\Cart.Infrastructure.csproj", "{DA75EACB-EC81-4584-BE0E-AB1AB18B0EED}"
EndProject
Project("{2150E333-8FDC-42A3-9474-1A3956D46DE8}") = "APIGateway", "APIGateway", "{2562A8E8-FDC5-458A-96A6-880125E7CC29}"
EndProject
Project("{9A19103F-16F7-4668-BE54-9A1E7A4F7556}") = "APIGateway.API", "src\APIGateway\APIGateway.API\APIGateway.API.csproj", "{92F2C101-2350-4F0B-AEB6-577A220F0C85}"
EndProject
Global
	GlobalSection(SolutionConfigurationPlatforms) = preSolution
		Debug|Any CPU = Debug|Any CPU
		Release|Any CPU = Release|Any CPU
	EndGlobalSection
	GlobalSection(ProjectConfigurationPlatforms) = postSolution
		{BD04FEDF-7346-4884-941F-1E4E08D15FE5}.Debug|Any CPU.ActiveCfg = Debug|Any CPU
		{BD04FEDF-7346-4884-941F-1E4E08D15FE5}.Debug|Any CPU.Build.0 = Debug|Any CPU
		{BD04FEDF-7346-4884-941F-1E4E08D15FE5}.Release|Any CPU.ActiveCfg = Release|Any CPU
		{BD04FEDF-7346-4884-941F-1E4E08D15FE5}.Release|Any CPU.Build.0 = Release|Any CPU
		{5FB8631C-55E6-4CBE-841D-7E11913EFDFD}.Debug|Any CPU.ActiveCfg = Debug|Any CPU
		{5FB8631C-55E6-4CBE-841D-7E11913EFDFD}.Debug|Any CPU.Build.0 = Debug|Any CPU
		{5FB8631C-55E6-4CBE-841D-7E11913EFDFD}.Release|Any CPU.ActiveCfg = Release|Any CPU
		{5FB8631C-55E6-4CBE-841D-7E11913EFDFD}.Release|Any CPU.Build.0 = Release|Any CPU
		{87E45C70-449F-4F62-B0D3-C3806F30D0B3}.Debug|Any CPU.ActiveCfg = Debug|Any CPU
		{87E45C70-449F-4F62-B0D3-C3806F30D0B3}.Debug|Any CPU.Build.0 = Debug|Any CPU
		{87E45C70-449F-4F62-B0D3-C3806F30D0B3}.Release|Any CPU.ActiveCfg = Release|Any CPU
		{87E45C70-449F-4F62-B0D3-C3806F30D0B3}.Release|Any CPU.Build.0 = Release|Any CPU
		{803B7E70-6BC4-4D24-BD6A-C3645BB28484}.Debug|Any CPU.ActiveCfg = Debug|Any CPU
		{803B7E70-6BC4-4D24-BD6A-C3645BB28484}.Debug|Any CPU.Build.0 = Debug|Any CPU
		{803B7E70-6BC4-4D24-BD6A-C3645BB28484}.Release|Any CPU.ActiveCfg = Release|Any CPU
		{803B7E70-6BC4-4D24-BD6A-C3645BB28484}.Release|Any CPU.Build.0 = Release|Any CPU
		{637C4751-AE90-4995-8651-315883FC9A32}.Debug|Any CPU.ActiveCfg = Debug|Any CPU
		{637C4751-AE90-4995-8651-315883FC9A32}.Debug|Any CPU.Build.0 = Debug|Any CPU
		{637C4751-AE90-4995-8651-315883FC9A32}.Release|Any CPU.ActiveCfg = Release|Any CPU
		{637C4751-AE90-4995-8651-315883FC9A32}.Release|Any CPU.Build.0 = Release|Any CPU
		{629B835C-EA28-4612-9A97-F6A54486B6E4}.Debug|Any CPU.ActiveCfg = Debug|Any CPU
		{629B835C-EA28-4612-9A97-F6A54486B6E4}.Debug|Any CPU.Build.0 = Debug|Any CPU
		{629B835C-EA28-4612-9A97-F6A54486B6E4}.Release|Any CPU.ActiveCfg = Release|Any CPU
		{629B835C-EA28-4612-9A97-F6A54486B6E4}.Release|Any CPU.Build.0 = Release|Any CPU
		{551B4CC8-56BB-4F47-ADBF-6FEA8826EFDB}.Debug|Any CPU.ActiveCfg = Debug|Any CPU
		{551B4CC8-56BB-4F47-ADBF-6FEA8826EFDB}.Debug|Any CPU.Build.0 = Debug|Any CPU
		{551B4CC8-56BB-4F47-ADBF-6FEA8826EFDB}.Release|Any CPU.ActiveCfg = Release|Any CPU
		{551B4CC8-56BB-4F47-ADBF-6FEA8826EFDB}.Release|Any CPU.Build.0 = Release|Any CPU
		{66386A22-2773-45B1-891A-85581D69B378}.Debug|Any CPU.ActiveCfg = Debug|Any CPU
		{66386A22-2773-45B1-891A-85581D69B378}.Debug|Any CPU.Build.0 = Debug|Any CPU
		{66386A22-2773-45B1-891A-85581D69B378}.Release|Any CPU.ActiveCfg = Release|Any CPU
		{66386A22-2773-45B1-891A-85581D69B378}.Release|Any CPU.Build.0 = Release|Any CPU
		{68199657-C415-49AC-84E1-573F2F265EF4}.Debug|Any CPU.ActiveCfg = Debug|Any CPU
		{68199657-C415-49AC-84E1-573F2F265EF4}.Debug|Any CPU.Build.0 = Debug|Any CPU
		{68199657-C415-49AC-84E1-573F2F265EF4}.Release|Any CPU.ActiveCfg = Release|Any CPU
		{68199657-C415-49AC-84E1-573F2F265EF4}.Release|Any CPU.Build.0 = Release|Any CPU
		{724CACCF-B9BA-4C0D-B14B-480E0A947C62}.Debug|Any CPU.ActiveCfg = Debug|Any CPU
		{724CACCF-B9BA-4C0D-B14B-480E0A947C62}.Debug|Any CPU.Build.0 = Debug|Any CPU
		{724CACCF-B9BA-4C0D-B14B-480E0A947C62}.Release|Any CPU.ActiveCfg = Release|Any CPU
		{724CACCF-B9BA-4C0D-B14B-480E0A947C62}.Release|Any CPU.Build.0 = Release|Any CPU
		{738AD940-8F33-4403-B6E9-1CE43EAE6AF8}.Debug|Any CPU.ActiveCfg = Debug|Any CPU
		{738AD940-8F33-4403-B6E9-1CE43EAE6AF8}.Debug|Any CPU.Build.0 = Debug|Any CPU
		{738AD940-8F33-4403-B6E9-1CE43EAE6AF8}.Release|Any CPU.ActiveCfg = Release|Any CPU
		{738AD940-8F33-4403-B6E9-1CE43EAE6AF8}.Release|Any CPU.Build.0 = Release|Any CPU
		{0133FA93-32D6-4086-A9BB-AE121B5FDAF0}.Debug|Any CPU.ActiveCfg = Debug|Any CPU
		{0133FA93-32D6-4086-A9BB-AE121B5FDAF0}.Debug|Any CPU.Build.0 = Debug|Any CPU
		{0133FA93-32D6-4086-A9BB-AE121B5FDAF0}.Release|Any CPU.ActiveCfg = Release|Any CPU
		{0133FA93-32D6-4086-A9BB-AE121B5FDAF0}.Release|Any CPU.Build.0 = Release|Any CPU
		{B17AF0E3-98C1-4ADD-AE81-08203ACCE5C9}.Debug|Any CPU.ActiveCfg = Debug|Any CPU
		{B17AF0E3-98C1-4ADD-AE81-08203ACCE5C9}.Debug|Any CPU.Build.0 = Debug|Any CPU
		{B17AF0E3-98C1-4ADD-AE81-08203ACCE5C9}.Release|Any CPU.ActiveCfg = Release|Any CPU
		{B17AF0E3-98C1-4ADD-AE81-08203ACCE5C9}.Release|Any CPU.Build.0 = Release|Any CPU
		{CAEC907C-CDFE-4815-AFB9-1D21F160F47D}.Debug|Any CPU.ActiveCfg = Debug|Any CPU
		{CAEC907C-CDFE-4815-AFB9-1D21F160F47D}.Debug|Any CPU.Build.0 = Debug|Any CPU
		{CAEC907C-CDFE-4815-AFB9-1D21F160F47D}.Release|Any CPU.ActiveCfg = Release|Any CPU
		{CAEC907C-CDFE-4815-AFB9-1D21F160F47D}.Release|Any CPU.Build.0 = Release|Any CPU
		{BD2C26F1-E6F2-4A3E-BD9D-B107F98F329C}.Debug|Any CPU.ActiveCfg = Debug|Any CPU
		{BD2C26F1-E6F2-4A3E-BD9D-B107F98F329C}.Debug|Any CPU.Build.0 = Debug|Any CPU
		{BD2C26F1-E6F2-4A3E-BD9D-B107F98F329C}.Release|Any CPU.ActiveCfg = Release|Any CPU
		{BD2C26F1-E6F2-4A3E-BD9D-B107F98F329C}.Release|Any CPU.Build.0 = Release|Any CPU
		{DA75EACB-EC81-4584-BE0E-AB1AB18B0EED}.Debug|Any CPU.ActiveCfg = Debug|Any CPU
		{DA75EACB-EC81-4584-BE0E-AB1AB18B0EED}.Debug|Any CPU.Build.0 = Debug|Any CPU
		{DA75EACB-EC81-4584-BE0E-AB1AB18B0EED}.Release|Any CPU.ActiveCfg = Release|Any CPU
		{DA75EACB-EC81-4584-BE0E-AB1AB18B0EED}.Release|Any CPU.Build.0 = Release|Any CPU
		{92F2C101-2350-4F0B-AEB6-577A220F0C85}.Debug|Any CPU.ActiveCfg = Debug|Any CPU
		{92F2C101-2350-4F0B-AEB6-577A220F0C85}.Debug|Any CPU.Build.0 = Debug|Any CPU
		{92F2C101-2350-4F0B-AEB6-577A220F0C85}.Release|Any CPU.ActiveCfg = Release|Any CPU
		{92F2C101-2350-4F0B-AEB6-577A220F0C85}.Release|Any CPU.Build.0 = Release|Any CPU
	EndGlobalSection
	GlobalSection(SolutionProperties) = preSolution
		HideSolutionNode = FALSE
	EndGlobalSection
	GlobalSection(NestedProjects) = preSolution
		{CDD5742B-7DCF-485F-A853-B67957ED9562} = {33159F0A-F40E-434D-B585-E964AF69BF24}
		{CBF13544-427E-4C60-AB9E-E2CE99C38AD3} = {33159F0A-F40E-434D-B585-E964AF69BF24}
		{5922E53A-9BC0-47A7-A393-1092F1C58A10} = {33159F0A-F40E-434D-B585-E964AF69BF24}
		{93E02F28-A90C-4C3C-B763-A9635D926388} = {33159F0A-F40E-434D-B585-E964AF69BF24}
		{BD04FEDF-7346-4884-941F-1E4E08D15FE5} = {CDD5742B-7DCF-485F-A853-B67957ED9562}
		{5FB8631C-55E6-4CBE-841D-7E11913EFDFD} = {CDD5742B-7DCF-485F-A853-B67957ED9562}
		{87E45C70-449F-4F62-B0D3-C3806F30D0B3} = {CDD5742B-7DCF-485F-A853-B67957ED9562}
		{803B7E70-6BC4-4D24-BD6A-C3645BB28484} = {CDD5742B-7DCF-485F-A853-B67957ED9562}
		{637C4751-AE90-4995-8651-315883FC9A32} = {CBF13544-427E-4C60-AB9E-E2CE99C38AD3}
		{629B835C-EA28-4612-9A97-F6A54486B6E4} = {CBF13544-427E-4C60-AB9E-E2CE99C38AD3}
		{551B4CC8-56BB-4F47-ADBF-6FEA8826EFDB} = {CBF13544-427E-4C60-AB9E-E2CE99C38AD3}
		{66386A22-2773-45B1-891A-85581D69B378} = {CBF13544-427E-4C60-AB9E-E2CE99C38AD3}
		{68199657-C415-49AC-84E1-573F2F265EF4} = {93E02F28-A90C-4C3C-B763-A9635D926388}
		{724CACCF-B9BA-4C0D-B14B-480E0A947C62} = {5922E53A-9BC0-47A7-A393-1092F1C58A10}
		{738AD940-8F33-4403-B6E9-1CE43EAE6AF8} = {93E02F28-A90C-4C3C-B763-A9635D926388}
		{0133FA93-32D6-4086-A9BB-AE121B5FDAF0} = {93E02F28-A90C-4C3C-B763-A9635D926388}
		{B17AF0E3-98C1-4ADD-AE81-08203ACCE5C9} = {93E02F28-A90C-4C3C-B763-A9635D926388}
		{CAEC907C-CDFE-4815-AFB9-1D21F160F47D} = {5922E53A-9BC0-47A7-A393-1092F1C58A10}
		{BD2C26F1-E6F2-4A3E-BD9D-B107F98F329C} = {5922E53A-9BC0-47A7-A393-1092F1C58A10}
		{DA75EACB-EC81-4584-BE0E-AB1AB18B0EED} = {5922E53A-9BC0-47A7-A393-1092F1C58A10}
		{2562A8E8-FDC5-458A-96A6-880125E7CC29} = {33159F0A-F40E-434D-B585-E964AF69BF24}
		{92F2C101-2350-4F0B-AEB6-577A220F0C85} = {2562A8E8-FDC5-458A-96A6-880125E7CC29}
	EndGlobalSection
	GlobalSection(ExtensibilityGlobals) = postSolution
		SolutionGuid = {ED53299D-6250-4D12-842E-0AF95E46BEBE}
	EndGlobalSection
EndGlobal
