
Microsoft Visual Studio Solution File, Format Version 12.00
# Visual Studio Version 17
VisualStudioVersion = 17.8.34408.163
MinimumVisualStudioVersion = 10.0.40219.1
Project("{9A19103F-16F7-4668-BE54-9A1E7A4F7556}") = "22_lesson_http_client", "22_lesson_http_client\22_lesson_http_client.csproj", "{9C782663-9A03-48AC-B0AD-7BC9A5873E30}"
EndProject
Project("{9A19103F-16F7-4668-BE54-9A1E7A4F7556}") = "21_lesson_CRUD", "21_lesson_CRUD\21_lesson_CRUD.csproj", "{BABF60DD-7615-49CE-B988-03F9EB094F30}"
EndProject
Project("{9A19103F-16F7-4668-BE54-9A1E7A4F7556}") = "23_lesson_httpclient_post_patch_delete_put", "22_lesson_httpclient_post_patch_delete_put\23_lesson_httpclient_post_patch_delete_put.csproj", "{57A742FD-E3B2-41E0-8118-F5901A4A13B1}"
EndProject
Project("{9A19103F-16F7-4668-BE54-9A1E7A4F7556}") = "24_lesson_Takrorlash_Telegram_bot", "24_lesson_Takrorlash_Telegram_bot\24_lesson_Takrorlash_Telegram_bot.csproj", "{54DF5A28-E21C-4D94-8C5B-3FACBC079374}"
EndProject
Project("{9A19103F-16F7-4668-BE54-9A1E7A4F7556}") = "25_lesson_TelegramBot_Basic", "25_lesson_TelegramBot_Basic\25_lesson_TelegramBot_Basic.csproj", "{1F802C7B-3166-4205-B01E-4F0048F03834}"
EndProject
Project("{9A19103F-16F7-4668-BE54-9A1E7A4F7556}") = "26_lesson_Telegram_Bot_Group_Channel", "26_lesson_Telegram_Bot_Group_Channel\26_lesson_Telegram_Bot_Group_Channel.csproj", "{AE1D4B14-DFC4-48CF-883B-E0BA530676C1}"
EndProject
Project("{9A19103F-16F7-4668-BE54-9A1E7A4F7556}") = "27_lesson_TelegramBot_keyboard_inlineKeyboard", "27_lesson_TelegramBot_keyboard_inlineKeyboard\27_lesson_TelegramBot_keyboard_inlineKeyboard.csproj", "{AE35C6FD-CFC8-4518-BAEA-9784ED4F1573}"
EndProject
Project("{9A19103F-16F7-4668-BE54-9A1E7A4F7556}") = "29_lesson_subscriber_bot", "29_lesson_subscriber_bot\29_lesson_subscriber_bot.csproj", "{B000B4BC-42C7-488D-B0B6-3694511B24A4}"
EndProject
Project("{9A19103F-16F7-4668-BE54-9A1E7A4F7556}") = "28_lesson_instagram_downloader_bot_zipper_send_bot", "28_lesson_instagram_downloader_bot_zipper_send_bot\28_lesson_instagram_downloader_bot_zipper_send_bot.csproj", "{329909E1-CF33-4A10-9F98-A889859475A7}"
EndProject
Project("{9A19103F-16F7-4668-BE54-9A1E7A4F7556}") = "30_lesson_PostGreSQL_Kirish_PgAdmin_Install", "30_lesson_PostGreSQL_Kirish_PgAdmin_Install\30_lesson_PostGreSQL_Kirish_PgAdmin_Install.csproj", "{54D6B706-8707-407E-B3FF-98EEACBA5FF9}"
EndProject
Project("{9A19103F-16F7-4668-BE54-9A1E7A4F7556}") = "31_lesson_PostgreSQL_2", "31_lesson_PostgreSQL_2\31_lesson_PostgreSQL_2.csproj", "{8395DDDD-6114-49E1-9BA6-AC3E50CAFAAE}"
EndProject
Project("{9A19103F-16F7-4668-BE54-9A1E7A4F7556}") = "32_lesson_Join_Having_All_Any", "32_lesson_Join_Having_All_Any\32_lesson_Join_Having_All_Any.csproj", "{5A4D6EC7-BC28-40ED-B7A8-6731F2C4BD69}"
EndProject
Project("{9A19103F-16F7-4668-BE54-9A1E7A4F7556}") = "33_lesson_takrorlash_experience", "33_lesson_takrorlash_experience\33_lesson_takrorlash_experience.csproj", "{5311E79A-6067-4FF3-ADD8-B477BF5DE885}"
EndProject
Project("{9A19103F-16F7-4668-BE54-9A1E7A4F7556}") = "34_lesson_Postgresql_Relations", "34_lesson_Postgresql_Relations\34_lesson_Postgresql_Relations.csproj", "{A0FC64AB-1245-4EDE-AEA2-C884AF574BDE}"
EndProject
Project("{9A19103F-16F7-4668-BE54-9A1E7A4F7556}") = "35_lesson_trigger_index", "35_lesson_trigger_index\35_lesson_trigger_index.csproj", "{4E8C8149-B849-486E-A144-91DDBDC4513E}"
EndProject
Project("{9A19103F-16F7-4668-BE54-9A1E7A4F7556}") = "36_lesson_function_advanced", "36_lesson_function_advanced\36_lesson_function_advanced.csproj", "{5F688B6A-1077-4EB7-A6BD-A23CF616A0E4}"
EndProject
Project("{9A19103F-16F7-4668-BE54-9A1E7A4F7556}") = "37_lesson_index_switch_lop", "37_lesson_index_switch_lop\37_lesson_index_switch_lop.csproj", "{ADBF6EC1-ABB8-460A-8D46-22BB2130DBE9}"
EndProject
Project("{9A19103F-16F7-4668-BE54-9A1E7A4F7556}") = "38_lesson_github_team", "38_lesson_github_team\38_lesson_github_team.csproj", "{270FF3C5-48D0-4943-BC4C-166A474D7F2E}"
EndProject
Project("{9A19103F-16F7-4668-BE54-9A1E7A4F7556}") = "39_lesson_exam_1_kun_telegram_bt", "39_lesson_exam_1_kun_telegram_bt\39_lesson_exam_1_kun_telegram_bt.csproj", "{88AAC64B-2D39-48D8-AA5A-E84BD9C3DB87}"
EndProject
Project("{FAE04EC0-301F-11D3-BF4B-00C04F79EFBC}") = "40_lesson_exam_2_kun_database", "40_lesson_exam_2_kun_database\40_lesson_exam_2_kun_database.csproj", "{19F6A050-357F-4008-B95D-140A018F8217}"
EndProject
Global
	GlobalSection(SolutionConfigurationPlatforms) = preSolution
		Debug|Any CPU = Debug|Any CPU
		Release|Any CPU = Release|Any CPU
	EndGlobalSection
	GlobalSection(ProjectConfigurationPlatforms) = postSolution
		{9C782663-9A03-48AC-B0AD-7BC9A5873E30}.Debug|Any CPU.ActiveCfg = Debug|Any CPU
		{9C782663-9A03-48AC-B0AD-7BC9A5873E30}.Debug|Any CPU.Build.0 = Debug|Any CPU
		{9C782663-9A03-48AC-B0AD-7BC9A5873E30}.Release|Any CPU.ActiveCfg = Release|Any CPU
		{9C782663-9A03-48AC-B0AD-7BC9A5873E30}.Release|Any CPU.Build.0 = Release|Any CPU
		{BABF60DD-7615-49CE-B988-03F9EB094F30}.Debug|Any CPU.ActiveCfg = Debug|Any CPU
		{BABF60DD-7615-49CE-B988-03F9EB094F30}.Debug|Any CPU.Build.0 = Debug|Any CPU
		{BABF60DD-7615-49CE-B988-03F9EB094F30}.Release|Any CPU.ActiveCfg = Release|Any CPU
		{BABF60DD-7615-49CE-B988-03F9EB094F30}.Release|Any CPU.Build.0 = Release|Any CPU
		{57A742FD-E3B2-41E0-8118-F5901A4A13B1}.Debug|Any CPU.ActiveCfg = Debug|Any CPU
		{57A742FD-E3B2-41E0-8118-F5901A4A13B1}.Debug|Any CPU.Build.0 = Debug|Any CPU
		{57A742FD-E3B2-41E0-8118-F5901A4A13B1}.Release|Any CPU.ActiveCfg = Release|Any CPU
		{57A742FD-E3B2-41E0-8118-F5901A4A13B1}.Release|Any CPU.Build.0 = Release|Any CPU
		{54DF5A28-E21C-4D94-8C5B-3FACBC079374}.Debug|Any CPU.ActiveCfg = Debug|Any CPU
		{54DF5A28-E21C-4D94-8C5B-3FACBC079374}.Debug|Any CPU.Build.0 = Debug|Any CPU
		{54DF5A28-E21C-4D94-8C5B-3FACBC079374}.Release|Any CPU.ActiveCfg = Release|Any CPU
		{54DF5A28-E21C-4D94-8C5B-3FACBC079374}.Release|Any CPU.Build.0 = Release|Any CPU
		{1F802C7B-3166-4205-B01E-4F0048F03834}.Debug|Any CPU.ActiveCfg = Debug|Any CPU
		{1F802C7B-3166-4205-B01E-4F0048F03834}.Debug|Any CPU.Build.0 = Debug|Any CPU
		{1F802C7B-3166-4205-B01E-4F0048F03834}.Release|Any CPU.ActiveCfg = Release|Any CPU
		{1F802C7B-3166-4205-B01E-4F0048F03834}.Release|Any CPU.Build.0 = Release|Any CPU
		{AE1D4B14-DFC4-48CF-883B-E0BA530676C1}.Debug|Any CPU.ActiveCfg = Debug|Any CPU
		{AE1D4B14-DFC4-48CF-883B-E0BA530676C1}.Debug|Any CPU.Build.0 = Debug|Any CPU
		{AE1D4B14-DFC4-48CF-883B-E0BA530676C1}.Release|Any CPU.ActiveCfg = Release|Any CPU
		{AE1D4B14-DFC4-48CF-883B-E0BA530676C1}.Release|Any CPU.Build.0 = Release|Any CPU
		{AE35C6FD-CFC8-4518-BAEA-9784ED4F1573}.Debug|Any CPU.ActiveCfg = Debug|Any CPU
		{AE35C6FD-CFC8-4518-BAEA-9784ED4F1573}.Debug|Any CPU.Build.0 = Debug|Any CPU
		{AE35C6FD-CFC8-4518-BAEA-9784ED4F1573}.Release|Any CPU.ActiveCfg = Release|Any CPU
		{AE35C6FD-CFC8-4518-BAEA-9784ED4F1573}.Release|Any CPU.Build.0 = Release|Any CPU
		{B000B4BC-42C7-488D-B0B6-3694511B24A4}.Debug|Any CPU.ActiveCfg = Debug|Any CPU
		{B000B4BC-42C7-488D-B0B6-3694511B24A4}.Debug|Any CPU.Build.0 = Debug|Any CPU
		{B000B4BC-42C7-488D-B0B6-3694511B24A4}.Release|Any CPU.ActiveCfg = Release|Any CPU
		{B000B4BC-42C7-488D-B0B6-3694511B24A4}.Release|Any CPU.Build.0 = Release|Any CPU
		{329909E1-CF33-4A10-9F98-A889859475A7}.Debug|Any CPU.ActiveCfg = Debug|Any CPU
		{329909E1-CF33-4A10-9F98-A889859475A7}.Debug|Any CPU.Build.0 = Debug|Any CPU
		{329909E1-CF33-4A10-9F98-A889859475A7}.Release|Any CPU.ActiveCfg = Release|Any CPU
		{329909E1-CF33-4A10-9F98-A889859475A7}.Release|Any CPU.Build.0 = Release|Any CPU
		{54D6B706-8707-407E-B3FF-98EEACBA5FF9}.Debug|Any CPU.ActiveCfg = Debug|Any CPU
		{54D6B706-8707-407E-B3FF-98EEACBA5FF9}.Debug|Any CPU.Build.0 = Debug|Any CPU
		{54D6B706-8707-407E-B3FF-98EEACBA5FF9}.Release|Any CPU.ActiveCfg = Release|Any CPU
		{54D6B706-8707-407E-B3FF-98EEACBA5FF9}.Release|Any CPU.Build.0 = Release|Any CPU
		{8395DDDD-6114-49E1-9BA6-AC3E50CAFAAE}.Debug|Any CPU.ActiveCfg = Debug|Any CPU
		{8395DDDD-6114-49E1-9BA6-AC3E50CAFAAE}.Debug|Any CPU.Build.0 = Debug|Any CPU
		{8395DDDD-6114-49E1-9BA6-AC3E50CAFAAE}.Release|Any CPU.ActiveCfg = Release|Any CPU
		{8395DDDD-6114-49E1-9BA6-AC3E50CAFAAE}.Release|Any CPU.Build.0 = Release|Any CPU
		{5A4D6EC7-BC28-40ED-B7A8-6731F2C4BD69}.Debug|Any CPU.ActiveCfg = Debug|Any CPU
		{5A4D6EC7-BC28-40ED-B7A8-6731F2C4BD69}.Debug|Any CPU.Build.0 = Debug|Any CPU
		{5A4D6EC7-BC28-40ED-B7A8-6731F2C4BD69}.Release|Any CPU.ActiveCfg = Release|Any CPU
		{5A4D6EC7-BC28-40ED-B7A8-6731F2C4BD69}.Release|Any CPU.Build.0 = Release|Any CPU
		{5311E79A-6067-4FF3-ADD8-B477BF5DE885}.Debug|Any CPU.ActiveCfg = Debug|Any CPU
		{5311E79A-6067-4FF3-ADD8-B477BF5DE885}.Debug|Any CPU.Build.0 = Debug|Any CPU
		{5311E79A-6067-4FF3-ADD8-B477BF5DE885}.Release|Any CPU.ActiveCfg = Release|Any CPU
		{5311E79A-6067-4FF3-ADD8-B477BF5DE885}.Release|Any CPU.Build.0 = Release|Any CPU
		{A0FC64AB-1245-4EDE-AEA2-C884AF574BDE}.Debug|Any CPU.ActiveCfg = Debug|Any CPU
		{A0FC64AB-1245-4EDE-AEA2-C884AF574BDE}.Debug|Any CPU.Build.0 = Debug|Any CPU
		{A0FC64AB-1245-4EDE-AEA2-C884AF574BDE}.Release|Any CPU.ActiveCfg = Release|Any CPU
		{A0FC64AB-1245-4EDE-AEA2-C884AF574BDE}.Release|Any CPU.Build.0 = Release|Any CPU
		{4E8C8149-B849-486E-A144-91DDBDC4513E}.Debug|Any CPU.ActiveCfg = Debug|Any CPU
		{4E8C8149-B849-486E-A144-91DDBDC4513E}.Debug|Any CPU.Build.0 = Debug|Any CPU
		{4E8C8149-B849-486E-A144-91DDBDC4513E}.Release|Any CPU.ActiveCfg = Release|Any CPU
		{4E8C8149-B849-486E-A144-91DDBDC4513E}.Release|Any CPU.Build.0 = Release|Any CPU
		{5F688B6A-1077-4EB7-A6BD-A23CF616A0E4}.Debug|Any CPU.ActiveCfg = Debug|Any CPU
		{5F688B6A-1077-4EB7-A6BD-A23CF616A0E4}.Debug|Any CPU.Build.0 = Debug|Any CPU
		{5F688B6A-1077-4EB7-A6BD-A23CF616A0E4}.Release|Any CPU.ActiveCfg = Release|Any CPU
		{5F688B6A-1077-4EB7-A6BD-A23CF616A0E4}.Release|Any CPU.Build.0 = Release|Any CPU
		{ADBF6EC1-ABB8-460A-8D46-22BB2130DBE9}.Debug|Any CPU.ActiveCfg = Debug|Any CPU
		{ADBF6EC1-ABB8-460A-8D46-22BB2130DBE9}.Debug|Any CPU.Build.0 = Debug|Any CPU
		{ADBF6EC1-ABB8-460A-8D46-22BB2130DBE9}.Release|Any CPU.ActiveCfg = Release|Any CPU
		{ADBF6EC1-ABB8-460A-8D46-22BB2130DBE9}.Release|Any CPU.Build.0 = Release|Any CPU
		{270FF3C5-48D0-4943-BC4C-166A474D7F2E}.Debug|Any CPU.ActiveCfg = Debug|Any CPU
		{270FF3C5-48D0-4943-BC4C-166A474D7F2E}.Debug|Any CPU.Build.0 = Debug|Any CPU
		{270FF3C5-48D0-4943-BC4C-166A474D7F2E}.Release|Any CPU.ActiveCfg = Release|Any CPU
		{270FF3C5-48D0-4943-BC4C-166A474D7F2E}.Release|Any CPU.Build.0 = Release|Any CPU
		{88AAC64B-2D39-48D8-AA5A-E84BD9C3DB87}.Debug|Any CPU.ActiveCfg = Debug|Any CPU
		{88AAC64B-2D39-48D8-AA5A-E84BD9C3DB87}.Debug|Any CPU.Build.0 = Debug|Any CPU
		{88AAC64B-2D39-48D8-AA5A-E84BD9C3DB87}.Release|Any CPU.ActiveCfg = Release|Any CPU
		{88AAC64B-2D39-48D8-AA5A-E84BD9C3DB87}.Release|Any CPU.Build.0 = Release|Any CPU
		{19F6A050-357F-4008-B95D-140A018F8217}.Debug|Any CPU.ActiveCfg = Debug|Any CPU
		{19F6A050-357F-4008-B95D-140A018F8217}.Debug|Any CPU.Build.0 = Debug|Any CPU
		{19F6A050-357F-4008-B95D-140A018F8217}.Release|Any CPU.ActiveCfg = Release|Any CPU
		{19F6A050-357F-4008-B95D-140A018F8217}.Release|Any CPU.Build.0 = Release|Any CPU
	EndGlobalSection
	GlobalSection(SolutionProperties) = preSolution
		HideSolutionNode = FALSE
	EndGlobalSection
	GlobalSection(ExtensibilityGlobals) = postSolution
		SolutionGuid = {AFA861FF-E0B9-45BC-88CD-C318229A9325}
	EndGlobalSection
EndGlobal
