
Microsoft Visual Studio Solution File, Format Version 12.00
# Visual Studio Version 17
VisualStudioVersion = 17.8.34330.188
MinimumVisualStudioVersion = 10.0.40219.1
Project("{2150E333-8FDC-42A3-9474-1A3956D46DE8}") = "src", "src", "{BF350378-57E8-4E67-B66E-A37B70923B85}"
EndProject
Project("{2150E333-8FDC-42A3-9474-1A3956D46DE8}") = "deployment", "deployment", "{10D98F45-C8BF-48B3-ADBD-851B37FCA082}"
EndProject
Project("{2150E333-8FDC-42A3-9474-1A3956D46DE8}") = "test", "test", "{C0BAD59A-AE58-4E27-8BDD-6E6F4DC5B4B9}"
EndProject
Project("{2150E333-8FDC-42A3-9474-1A3956D46DE8}") = "CarStore", "CarStore", "{6AD32890-8D77-46ED-A542-EE9B1351645D}"
EndProject
Project("{2150E333-8FDC-42A3-9474-1A3956D46DE8}") = "FlowerStore", "FlowerStore", "{161DFD2D-9F09-48BC-80D9-F1820AB30116}"
EndProject
Project("{2150E333-8FDC-42A3-9474-1A3956D46DE8}") = "BookStore", "BookStore", "{261E3578-72B3-40F5-8311-D922E2BDFEC0}"
EndProject
Project("{2150E333-8FDC-42A3-9474-1A3956D46DE8}") = "GameStore", "GameStore", "{A7D7B060-2D71-43F7-8D5E-C7D31263C1AF}"
EndProject
Project("{FAE04EC0-301F-11D3-BF4B-00C04F79EFBC}") = "BookStore.API", "src\BookStore\BookStore.API\BookStore.API.csproj", "{5F7FC61A-ECB2-4E0A-80D5-8B77FEBB2F38}"
EndProject
Project("{FAE04EC0-301F-11D3-BF4B-00C04F79EFBC}") = "CarStore.API", "src\CarStore\CarStore\CarStore.API.csproj", "{B41DFB97-012F-4F76-9252-16D2C159B0EC}"
EndProject
Project("{FAE04EC0-301F-11D3-BF4B-00C04F79EFBC}") = "FlowerStore.API", "src\FlowerStore\FlowerStore\FlowerStore.API.csproj", "{292BA25B-76AE-4044-9D0D-88D8007C2FB2}"
EndProject
Project("{FAE04EC0-301F-11D3-BF4B-00C04F79EFBC}") = "GameStore.API", "src\GameStore\GameStore\GameStore.API.csproj", "{AB705CB8-5ED9-4F15-9A73-2C526CC82E4E}"
EndProject
Project("{2150E333-8FDC-42A3-9474-1A3956D46DE8}") = "APIGetAway", "APIGetAway", "{C59DBF44-0094-4077-BA8C-6461C078FF2C}"
EndProject
Project("{FAE04EC0-301F-11D3-BF4B-00C04F79EFBC}") = "APIGetAway.API", "src\APIGetAway\APIGetAway\APIGetAway.API.csproj", "{F1EF10D0-FE42-44CB-A6BD-D43F2D948027}"
EndProject
Project("{E53339B2-1760-4266-BCC7-CA923CBCF16C}") = "docker-compose", "docker-compose.dcproj", "{7705BEAC-E5ED-49F4-BF0B-A7901B556295}"
EndProject
Global
	GlobalSection(SolutionConfigurationPlatforms) = preSolution
		Debug|Any CPU = Debug|Any CPU
		Release|Any CPU = Release|Any CPU
	EndGlobalSection
	GlobalSection(ProjectConfigurationPlatforms) = postSolution
		{5F7FC61A-ECB2-4E0A-80D5-8B77FEBB2F38}.Debug|Any CPU.ActiveCfg = Debug|Any CPU
		{5F7FC61A-ECB2-4E0A-80D5-8B77FEBB2F38}.Debug|Any CPU.Build.0 = Debug|Any CPU
		{5F7FC61A-ECB2-4E0A-80D5-8B77FEBB2F38}.Release|Any CPU.ActiveCfg = Release|Any CPU
		{5F7FC61A-ECB2-4E0A-80D5-8B77FEBB2F38}.Release|Any CPU.Build.0 = Release|Any CPU
		{B41DFB97-012F-4F76-9252-16D2C159B0EC}.Debug|Any CPU.ActiveCfg = Debug|Any CPU
		{B41DFB97-012F-4F76-9252-16D2C159B0EC}.Debug|Any CPU.Build.0 = Debug|Any CPU
		{B41DFB97-012F-4F76-9252-16D2C159B0EC}.Release|Any CPU.ActiveCfg = Release|Any CPU
		{B41DFB97-012F-4F76-9252-16D2C159B0EC}.Release|Any CPU.Build.0 = Release|Any CPU
		{292BA25B-76AE-4044-9D0D-88D8007C2FB2}.Debug|Any CPU.ActiveCfg = Debug|Any CPU
		{292BA25B-76AE-4044-9D0D-88D8007C2FB2}.Debug|Any CPU.Build.0 = Debug|Any CPU
		{292BA25B-76AE-4044-9D0D-88D8007C2FB2}.Release|Any CPU.ActiveCfg = Release|Any CPU
		{292BA25B-76AE-4044-9D0D-88D8007C2FB2}.Release|Any CPU.Build.0 = Release|Any CPU
		{AB705CB8-5ED9-4F15-9A73-2C526CC82E4E}.Debug|Any CPU.ActiveCfg = Debug|Any CPU
		{AB705CB8-5ED9-4F15-9A73-2C526CC82E4E}.Debug|Any CPU.Build.0 = Debug|Any CPU
		{AB705CB8-5ED9-4F15-9A73-2C526CC82E4E}.Release|Any CPU.ActiveCfg = Release|Any CPU
		{AB705CB8-5ED9-4F15-9A73-2C526CC82E4E}.Release|Any CPU.Build.0 = Release|Any CPU
		{F1EF10D0-FE42-44CB-A6BD-D43F2D948027}.Debug|Any CPU.ActiveCfg = Debug|Any CPU
		{F1EF10D0-FE42-44CB-A6BD-D43F2D948027}.Debug|Any CPU.Build.0 = Debug|Any CPU
		{F1EF10D0-FE42-44CB-A6BD-D43F2D948027}.Release|Any CPU.ActiveCfg = Release|Any CPU
		{F1EF10D0-FE42-44CB-A6BD-D43F2D948027}.Release|Any CPU.Build.0 = Release|Any CPU
		{7705BEAC-E5ED-49F4-BF0B-A7901B556295}.Debug|Any CPU.ActiveCfg = Debug|Any CPU
		{7705BEAC-E5ED-49F4-BF0B-A7901B556295}.Debug|Any CPU.Build.0 = Debug|Any CPU
		{7705BEAC-E5ED-49F4-BF0B-A7901B556295}.Release|Any CPU.ActiveCfg = Release|Any CPU
		{7705BEAC-E5ED-49F4-BF0B-A7901B556295}.Release|Any CPU.Build.0 = Release|Any CPU
	EndGlobalSection
	GlobalSection(SolutionProperties) = preSolution
		HideSolutionNode = FALSE
	EndGlobalSection
	GlobalSection(NestedProjects) = preSolution
		{6AD32890-8D77-46ED-A542-EE9B1351645D} = {BF350378-57E8-4E67-B66E-A37B70923B85}
		{161DFD2D-9F09-48BC-80D9-F1820AB30116} = {BF350378-57E8-4E67-B66E-A37B70923B85}
		{261E3578-72B3-40F5-8311-D922E2BDFEC0} = {BF350378-57E8-4E67-B66E-A37B70923B85}
		{A7D7B060-2D71-43F7-8D5E-C7D31263C1AF} = {BF350378-57E8-4E67-B66E-A37B70923B85}
		{5F7FC61A-ECB2-4E0A-80D5-8B77FEBB2F38} = {261E3578-72B3-40F5-8311-D922E2BDFEC0}
		{B41DFB97-012F-4F76-9252-16D2C159B0EC} = {6AD32890-8D77-46ED-A542-EE9B1351645D}
		{292BA25B-76AE-4044-9D0D-88D8007C2FB2} = {161DFD2D-9F09-48BC-80D9-F1820AB30116}
		{AB705CB8-5ED9-4F15-9A73-2C526CC82E4E} = {A7D7B060-2D71-43F7-8D5E-C7D31263C1AF}
		{C59DBF44-0094-4077-BA8C-6461C078FF2C} = {BF350378-57E8-4E67-B66E-A37B70923B85}
		{F1EF10D0-FE42-44CB-A6BD-D43F2D948027} = {C59DBF44-0094-4077-BA8C-6461C078FF2C}
	EndGlobalSection
	GlobalSection(ExtensibilityGlobals) = postSolution
		SolutionGuid = {62DE90BF-648D-420D-9361-D86E73C1A1CD}
	EndGlobalSection
EndGlobal
