
Microsoft Visual Studio Solution File, Format Version 12.00
# Visual Studio Version 17
VisualStudioVersion = 17.8.34330.188
MinimumVisualStudioVersion = 10.0.40219.1
Project("{FAE04EC0-301F-11D3-BF4B-00C04F79EFBC}") = "dotnet_5_test", "dotnet_5_test\dotnet_5_test.csproj", "{29959513-75AA-4B52-89BD-3C83E3B3F910}"
EndProject
Global
	GlobalSection(SolutionConfigurationPlatforms) = preSolution
		Debug|Any CPU = Debug|Any CPU
		Release|Any CPU = Release|Any CPU
	EndGlobalSection
	GlobalSection(ProjectConfigurationPlatforms) = postSolution
		{29959513-75AA-4B52-89BD-3C83E3B3F910}.Debug|Any CPU.ActiveCfg = Debug|Any CPU
		{29959513-75AA-4B52-89BD-3C83E3B3F910}.Debug|Any CPU.Build.0 = Debug|Any CPU
		{29959513-75AA-4B52-89BD-3C83E3B3F910}.Release|Any CPU.ActiveCfg = Release|Any CPU
		{29959513-75AA-4B52-89BD-3C83E3B3F910}.Release|Any CPU.Build.0 = Release|Any CPU
	EndGlobalSection
	GlobalSection(SolutionProperties) = preSolution
		HideSolutionNode = FALSE
	EndGlobalSection
	GlobalSection(ExtensibilityGlobals) = postSolution
		SolutionGuid = {ED1230FC-099E-4D34-9E15-CE0600CEE367}
	EndGlobalSection
EndGlobal
