
Microsoft Visual Studio Solution File, Format Version 12.00
# Visual Studio Version 17
VisualStudioVersion = 17.8.34330.188
MinimumVisualStudioVersion = 10.0.40219.1
Project("{FAE04EC0-301F-11D3-BF4B-00C04F79EFBC}") = "OOP Advenced", "OOP Advenced\OOP Advenced.csproj", "{3A641FB1-725A-469D-860F-EFD171BEB516}"
EndProject
Global
	GlobalSection(SolutionConfigurationPlatforms) = preSolution
		Debug|Any CPU = Debug|Any CPU
		Release|Any CPU = Release|Any CPU
	EndGlobalSection
	GlobalSection(ProjectConfigurationPlatforms) = postSolution
		{3A641FB1-725A-469D-860F-EFD171BEB516}.Debug|Any CPU.ActiveCfg = Debug|Any CPU
		{3A641FB1-725A-469D-860F-EFD171BEB516}.Debug|Any CPU.Build.0 = Debug|Any CPU
		{3A641FB1-725A-469D-860F-EFD171BEB516}.Release|Any CPU.ActiveCfg = Release|Any CPU
		{3A641FB1-725A-469D-860F-EFD171BEB516}.Release|Any CPU.Build.0 = Release|Any CPU
	EndGlobalSection
	GlobalSection(SolutionProperties) = preSolution
		HideSolutionNode = FALSE
	EndGlobalSection
	GlobalSection(ExtensibilityGlobals) = postSolution
		SolutionGuid = {2E0ED79E-13B8-4749-BBE3-7AACF244A219}
	EndGlobalSection
EndGlobal
