
Microsoft Visual Studio Solution File, Format Version 12.00
# Visual Studio Version 17
VisualStudioVersion = 17.0.31903.59
MinimumVisualStudioVersion = 10.0.40219.1
Project("{2150E333-8FDC-42A3-9474-1A3956D46DE8}") = "src", "src", "{5785070E-3B75-47BB-ABCA-6C75AAF55B67}"
EndProject
Project("{2150E333-8FDC-42A3-9474-1A3956D46DE8}") = "deployment", "deployment", "{FA94C696-8DC4-41D3-BB02-CAABE8152D70}"
EndProject
Project("{2150E333-8FDC-42A3-9474-1A3956D46DE8}") = "tests", "tests", "{5F96C513-C1D9-49EF-A71E-546B4B2B963A}"
EndProject
Project("{2150E333-8FDC-42A3-9474-1A3956D46DE8}") = "orders", "orders", "{D61D4002-A093-4D42-982C-20EEB1EDAB98}"
EndProject
Project("{2150E333-8FDC-42A3-9474-1A3956D46DE8}") = "discounts", "discounts", "{32B6D010-72CE-445F-B62C-D1DA0521FEF0}"
EndProject
Project("{2150E333-8FDC-42A3-9474-1A3956D46DE8}") = "catalogs", "catalogs", "{5174C68F-D9AE-4FA5-8296-E8F16D7E45CE}"
EndProject
Project("{2150E333-8FDC-42A3-9474-1A3956D46DE8}") = "shoppingcarts", "shoppingcarts", "{99E2FDAB-4B08-439F-A9B5-44BC8AF30F32}"
EndProject
Project("{FAE04EC0-301F-11D3-BF4B-00C04F79EFBC}") = "Catalog.API", "src\Catalog\Catalog.API\Catalog.API.csproj", "{9EBFEB77-3067-4F18-B218-84CFA09D620C}"
EndProject
Project("{FAE04EC0-301F-11D3-BF4B-00C04F79EFBC}") = "Catalog.Domain", "src\Catalog\Catalog.Domain\Catalog.Domain.csproj", "{BA640318-3247-4B22-9B80-DAB736121E4E}"
EndProject
Project("{FAE04EC0-301F-11D3-BF4B-00C04F79EFBC}") = "Catalog.Application", "src\Catalog\Catalog.Application\Catalog.Application.csproj", "{4F413F26-4D2D-44D0-B218-3D892D891FDD}"
EndProject
Project("{FAE04EC0-301F-11D3-BF4B-00C04F79EFBC}") = "Catalog.Infrastructure", "src\Catalog\Catalog.Infrastructure\Catalog.Infrastructure.csproj", "{EF6C3B42-BC95-401A-B5DF-87620C06D092}"
EndProject
Project("{FAE04EC0-301F-11D3-BF4B-00C04F79EFBC}") = "Discount.API", "src\Discount\Discount.API\Discount.API.csproj", "{2032AAFE-BA5E-48F5-B33F-E273700D4765}"
EndProject
Project("{FAE04EC0-301F-11D3-BF4B-00C04F79EFBC}") = "Discount.Domain", "src\Discount\Discount.Domain\Discount.Domain.csproj", "{62A4C07F-77E0-4692-9846-9999B650F3CD}"
EndProject
Project("{FAE04EC0-301F-11D3-BF4B-00C04F79EFBC}") = "Discount.Application", "src\Discount\Discount.Application\Discount.Application.csproj", "{4400A565-22B9-4D9E-9E5E-4483126532F3}"
EndProject
Project("{FAE04EC0-301F-11D3-BF4B-00C04F79EFBC}") = "Discount.Infrastructure", "src\Discount\Discount.Infrastructure\Discount.Infrastructure.csproj", "{4D193E37-B137-4B45-9E23-2B019341B82B}"
EndProject
Project("{FAE04EC0-301F-11D3-BF4B-00C04F79EFBC}") = "Orders.API", "src\Ordering\Orders.API\Orders.API.csproj", "{6D7D854F-4D35-4B66-B755-08652CB3CAD2}"
EndProject
Project("{FAE04EC0-301F-11D3-BF4B-00C04F79EFBC}") = "Orders.Domain", "src\Ordering\Orders.Domain\Orders.Domain.csproj", "{C7733A8C-AD9F-40F6-9C3D-283F9E1CC4CC}"
EndProject
Project("{FAE04EC0-301F-11D3-BF4B-00C04F79EFBC}") = "Orders.Application", "src\Ordering\Orders.Application\Orders.Application.csproj", "{A01E195E-A8E3-424E-AC42-BF22334AB8A5}"
EndProject
Project("{FAE04EC0-301F-11D3-BF4B-00C04F79EFBC}") = "Orders.Infrastructure", "src\Ordering\Orders.Infrastructure\Orders.Infrastructure.csproj", "{F2DCD8B7-6B5B-40AB-9B7B-385A2DE5A946}"
EndProject
Project("{FAE04EC0-301F-11D3-BF4B-00C04F79EFBC}") = "ShoppingCart.API", "src\ShoppingCart\ShoppingCart.API\ShoppingCart.API.csproj", "{8EBF8F1B-296D-4D97-9AF2-E2696CC3D151}"
EndProject
Project("{FAE04EC0-301F-11D3-BF4B-00C04F79EFBC}") = "ShoppingCart.Domain", "src\ShoppingCart\ShoppingCart.Domain\ShoppingCart.Domain.csproj", "{E425C375-150C-415E-864C-E449B4AE16FC}"
EndProject
Project("{FAE04EC0-301F-11D3-BF4B-00C04F79EFBC}") = "ShoppingCart.Infrastructure", "src\ShoppingCart\ShoppingCart.Infrastructure\ShoppingCart.Infrastructure.csproj", "{C5A18577-3ED9-41CB-9BBE-BC94100647CF}"
EndProject
Project("{FAE04EC0-301F-11D3-BF4B-00C04F79EFBC}") = "ShoppingCart.Application", "src\ShoppingCart\ShoppingCart.Application\ShoppingCart.Application.csproj", "{51CB8AB0-102B-4979-BDB9-FF54933069D7}"
EndProject
Global
	GlobalSection(SolutionConfigurationPlatforms) = preSolution
		Debug|Any CPU = Debug|Any CPU
		Release|Any CPU = Release|Any CPU
	EndGlobalSection
	GlobalSection(ProjectConfigurationPlatforms) = postSolution
		{9EBFEB77-3067-4F18-B218-84CFA09D620C}.Debug|Any CPU.ActiveCfg = Debug|Any CPU
		{9EBFEB77-3067-4F18-B218-84CFA09D620C}.Debug|Any CPU.Build.0 = Debug|Any CPU
		{9EBFEB77-3067-4F18-B218-84CFA09D620C}.Release|Any CPU.ActiveCfg = Release|Any CPU
		{9EBFEB77-3067-4F18-B218-84CFA09D620C}.Release|Any CPU.Build.0 = Release|Any CPU
		{BA640318-3247-4B22-9B80-DAB736121E4E}.Debug|Any CPU.ActiveCfg = Debug|Any CPU
		{BA640318-3247-4B22-9B80-DAB736121E4E}.Debug|Any CPU.Build.0 = Debug|Any CPU
		{BA640318-3247-4B22-9B80-DAB736121E4E}.Release|Any CPU.ActiveCfg = Release|Any CPU
		{BA640318-3247-4B22-9B80-DAB736121E4E}.Release|Any CPU.Build.0 = Release|Any CPU
		{4F413F26-4D2D-44D0-B218-3D892D891FDD}.Debug|Any CPU.ActiveCfg = Debug|Any CPU
		{4F413F26-4D2D-44D0-B218-3D892D891FDD}.Debug|Any CPU.Build.0 = Debug|Any CPU
		{4F413F26-4D2D-44D0-B218-3D892D891FDD}.Release|Any CPU.ActiveCfg = Release|Any CPU
		{4F413F26-4D2D-44D0-B218-3D892D891FDD}.Release|Any CPU.Build.0 = Release|Any CPU
		{EF6C3B42-BC95-401A-B5DF-87620C06D092}.Debug|Any CPU.ActiveCfg = Debug|Any CPU
		{EF6C3B42-BC95-401A-B5DF-87620C06D092}.Debug|Any CPU.Build.0 = Debug|Any CPU
		{EF6C3B42-BC95-401A-B5DF-87620C06D092}.Release|Any CPU.ActiveCfg = Release|Any CPU
		{EF6C3B42-BC95-401A-B5DF-87620C06D092}.Release|Any CPU.Build.0 = Release|Any CPU
		{2032AAFE-BA5E-48F5-B33F-E273700D4765}.Debug|Any CPU.ActiveCfg = Debug|Any CPU
		{2032AAFE-BA5E-48F5-B33F-E273700D4765}.Debug|Any CPU.Build.0 = Debug|Any CPU
		{2032AAFE-BA5E-48F5-B33F-E273700D4765}.Release|Any CPU.ActiveCfg = Release|Any CPU
		{2032AAFE-BA5E-48F5-B33F-E273700D4765}.Release|Any CPU.Build.0 = Release|Any CPU
		{62A4C07F-77E0-4692-9846-9999B650F3CD}.Debug|Any CPU.ActiveCfg = Debug|Any CPU
		{62A4C07F-77E0-4692-9846-9999B650F3CD}.Debug|Any CPU.Build.0 = Debug|Any CPU
		{62A4C07F-77E0-4692-9846-9999B650F3CD}.Release|Any CPU.ActiveCfg = Release|Any CPU
		{62A4C07F-77E0-4692-9846-9999B650F3CD}.Release|Any CPU.Build.0 = Release|Any CPU
		{4400A565-22B9-4D9E-9E5E-4483126532F3}.Debug|Any CPU.ActiveCfg = Debug|Any CPU
		{4400A565-22B9-4D9E-9E5E-4483126532F3}.Debug|Any CPU.Build.0 = Debug|Any CPU
		{4400A565-22B9-4D9E-9E5E-4483126532F3}.Release|Any CPU.ActiveCfg = Release|Any CPU
		{4400A565-22B9-4D9E-9E5E-4483126532F3}.Release|Any CPU.Build.0 = Release|Any CPU
		{4D193E37-B137-4B45-9E23-2B019341B82B}.Debug|Any CPU.ActiveCfg = Debug|Any CPU
		{4D193E37-B137-4B45-9E23-2B019341B82B}.Debug|Any CPU.Build.0 = Debug|Any CPU
		{4D193E37-B137-4B45-9E23-2B019341B82B}.Release|Any CPU.ActiveCfg = Release|Any CPU
		{4D193E37-B137-4B45-9E23-2B019341B82B}.Release|Any CPU.Build.0 = Release|Any CPU
		{6D7D854F-4D35-4B66-B755-08652CB3CAD2}.Debug|Any CPU.ActiveCfg = Debug|Any CPU
		{6D7D854F-4D35-4B66-B755-08652CB3CAD2}.Debug|Any CPU.Build.0 = Debug|Any CPU
		{6D7D854F-4D35-4B66-B755-08652CB3CAD2}.Release|Any CPU.ActiveCfg = Release|Any CPU
		{6D7D854F-4D35-4B66-B755-08652CB3CAD2}.Release|Any CPU.Build.0 = Release|Any CPU
		{C7733A8C-AD9F-40F6-9C3D-283F9E1CC4CC}.Debug|Any CPU.ActiveCfg = Debug|Any CPU
		{C7733A8C-AD9F-40F6-9C3D-283F9E1CC4CC}.Debug|Any CPU.Build.0 = Debug|Any CPU
		{C7733A8C-AD9F-40F6-9C3D-283F9E1CC4CC}.Release|Any CPU.ActiveCfg = Release|Any CPU
		{C7733A8C-AD9F-40F6-9C3D-283F9E1CC4CC}.Release|Any CPU.Build.0 = Release|Any CPU
		{A01E195E-A8E3-424E-AC42-BF22334AB8A5}.Debug|Any CPU.ActiveCfg = Debug|Any CPU
		{A01E195E-A8E3-424E-AC42-BF22334AB8A5}.Debug|Any CPU.Build.0 = Debug|Any CPU
		{A01E195E-A8E3-424E-AC42-BF22334AB8A5}.Release|Any CPU.ActiveCfg = Release|Any CPU
		{A01E195E-A8E3-424E-AC42-BF22334AB8A5}.Release|Any CPU.Build.0 = Release|Any CPU
		{F2DCD8B7-6B5B-40AB-9B7B-385A2DE5A946}.Debug|Any CPU.ActiveCfg = Debug|Any CPU
		{F2DCD8B7-6B5B-40AB-9B7B-385A2DE5A946}.Debug|Any CPU.Build.0 = Debug|Any CPU
		{F2DCD8B7-6B5B-40AB-9B7B-385A2DE5A946}.Release|Any CPU.ActiveCfg = Release|Any CPU
		{F2DCD8B7-6B5B-40AB-9B7B-385A2DE5A946}.Release|Any CPU.Build.0 = Release|Any CPU
		{8EBF8F1B-296D-4D97-9AF2-E2696CC3D151}.Debug|Any CPU.ActiveCfg = Debug|Any CPU
		{8EBF8F1B-296D-4D97-9AF2-E2696CC3D151}.Debug|Any CPU.Build.0 = Debug|Any CPU
		{8EBF8F1B-296D-4D97-9AF2-E2696CC3D151}.Release|Any CPU.ActiveCfg = Release|Any CPU
		{8EBF8F1B-296D-4D97-9AF2-E2696CC3D151}.Release|Any CPU.Build.0 = Release|Any CPU
		{E425C375-150C-415E-864C-E449B4AE16FC}.Debug|Any CPU.ActiveCfg = Debug|Any CPU
		{E425C375-150C-415E-864C-E449B4AE16FC}.Debug|Any CPU.Build.0 = Debug|Any CPU
		{E425C375-150C-415E-864C-E449B4AE16FC}.Release|Any CPU.ActiveCfg = Release|Any CPU
		{E425C375-150C-415E-864C-E449B4AE16FC}.Release|Any CPU.Build.0 = Release|Any CPU
		{C5A18577-3ED9-41CB-9BBE-BC94100647CF}.Debug|Any CPU.ActiveCfg = Debug|Any CPU
		{C5A18577-3ED9-41CB-9BBE-BC94100647CF}.Debug|Any CPU.Build.0 = Debug|Any CPU
		{C5A18577-3ED9-41CB-9BBE-BC94100647CF}.Release|Any CPU.ActiveCfg = Release|Any CPU
		{C5A18577-3ED9-41CB-9BBE-BC94100647CF}.Release|Any CPU.Build.0 = Release|Any CPU
		{51CB8AB0-102B-4979-BDB9-FF54933069D7}.Debug|Any CPU.ActiveCfg = Debug|Any CPU
		{51CB8AB0-102B-4979-BDB9-FF54933069D7}.Debug|Any CPU.Build.0 = Debug|Any CPU
		{51CB8AB0-102B-4979-BDB9-FF54933069D7}.Release|Any CPU.ActiveCfg = Release|Any CPU
		{51CB8AB0-102B-4979-BDB9-FF54933069D7}.Release|Any CPU.Build.0 = Release|Any CPU
	EndGlobalSection
	GlobalSection(SolutionProperties) = preSolution
		HideSolutionNode = FALSE
	EndGlobalSection
	GlobalSection(NestedProjects) = preSolution
		{D61D4002-A093-4D42-982C-20EEB1EDAB98} = {5785070E-3B75-47BB-ABCA-6C75AAF55B67}
		{32B6D010-72CE-445F-B62C-D1DA0521FEF0} = {5785070E-3B75-47BB-ABCA-6C75AAF55B67}
		{5174C68F-D9AE-4FA5-8296-E8F16D7E45CE} = {5785070E-3B75-47BB-ABCA-6C75AAF55B67}
		{99E2FDAB-4B08-439F-A9B5-44BC8AF30F32} = {5785070E-3B75-47BB-ABCA-6C75AAF55B67}
		{9EBFEB77-3067-4F18-B218-84CFA09D620C} = {5174C68F-D9AE-4FA5-8296-E8F16D7E45CE}
		{BA640318-3247-4B22-9B80-DAB736121E4E} = {5174C68F-D9AE-4FA5-8296-E8F16D7E45CE}
		{4F413F26-4D2D-44D0-B218-3D892D891FDD} = {5174C68F-D9AE-4FA5-8296-E8F16D7E45CE}
		{EF6C3B42-BC95-401A-B5DF-87620C06D092} = {5174C68F-D9AE-4FA5-8296-E8F16D7E45CE}
		{2032AAFE-BA5E-48F5-B33F-E273700D4765} = {32B6D010-72CE-445F-B62C-D1DA0521FEF0}
		{62A4C07F-77E0-4692-9846-9999B650F3CD} = {32B6D010-72CE-445F-B62C-D1DA0521FEF0}
		{4400A565-22B9-4D9E-9E5E-4483126532F3} = {32B6D010-72CE-445F-B62C-D1DA0521FEF0}
		{4D193E37-B137-4B45-9E23-2B019341B82B} = {32B6D010-72CE-445F-B62C-D1DA0521FEF0}
		{6D7D854F-4D35-4B66-B755-08652CB3CAD2} = {D61D4002-A093-4D42-982C-20EEB1EDAB98}
		{C7733A8C-AD9F-40F6-9C3D-283F9E1CC4CC} = {D61D4002-A093-4D42-982C-20EEB1EDAB98}
		{A01E195E-A8E3-424E-AC42-BF22334AB8A5} = {D61D4002-A093-4D42-982C-20EEB1EDAB98}
		{F2DCD8B7-6B5B-40AB-9B7B-385A2DE5A946} = {D61D4002-A093-4D42-982C-20EEB1EDAB98}
		{8EBF8F1B-296D-4D97-9AF2-E2696CC3D151} = {99E2FDAB-4B08-439F-A9B5-44BC8AF30F32}
		{E425C375-150C-415E-864C-E449B4AE16FC} = {99E2FDAB-4B08-439F-A9B5-44BC8AF30F32}
		{C5A18577-3ED9-41CB-9BBE-BC94100647CF} = {99E2FDAB-4B08-439F-A9B5-44BC8AF30F32}
		{51CB8AB0-102B-4979-BDB9-FF54933069D7} = {99E2FDAB-4B08-439F-A9B5-44BC8AF30F32}
	EndGlobalSection
EndGlobal
