
Microsoft Visual Studio Solution File, Format Version 12.00
# Visual Studio Version 17
VisualStudioVersion = 17.8.34330.188
MinimumVisualStudioVersion = 10.0.40219.1
Project("{FAE04EC0-301F-11D3-BF4B-00C04F79EFBC}") = "IdentityAuthLesson", "IdentityAuthLesson\IdentityAuthLesson.csproj", "{B4463FE0-6A55-40F7-8F65-659D77196402}"
EndProject
Global
	GlobalSection(SolutionConfigurationPlatforms) = preSolution
		Debug|Any CPU = Debug|Any CPU
		Release|Any CPU = Release|Any CPU
	EndGlobalSection
	GlobalSection(ProjectConfigurationPlatforms) = postSolution
		{B4463FE0-6A55-40F7-8F65-659D77196402}.Debug|Any CPU.ActiveCfg = Debug|Any CPU
		{B4463FE0-6A55-40F7-8F65-659D77196402}.Debug|Any CPU.Build.0 = Debug|Any CPU
		{B4463FE0-6A55-40F7-8F65-659D77196402}.Release|Any CPU.ActiveCfg = Release|Any CPU
		{B4463FE0-6A55-40F7-8F65-659D77196402}.Release|Any CPU.Build.0 = Release|Any CPU
	EndGlobalSection
	GlobalSection(SolutionProperties) = preSolution
		HideSolutionNode = FALSE
	EndGlobalSection
	GlobalSection(ExtensibilityGlobals) = postSolution
		SolutionGuid = {C083F508-261D-4FD9-96DA-385B0C8C0ACC}
	EndGlobalSection
EndGlobal
