
Microsoft Visual Studio Solution File, Format Version 12.00
# Visual Studio Version 17
VisualStudioVersion = 17.9.34622.214
MinimumVisualStudioVersion = 10.0.40219.1
Project("{FAE04EC0-301F-11D3-BF4B-00C04F79EFBC}") = "JWT.Api", "JWT.Api\JWT.Api.csproj", "{4614B269-E9E9-4C3B-9BB6-CC0FC979F823}"
EndProject
Project("{FAE04EC0-301F-11D3-BF4B-00C04F79EFBC}") = "JWT.Application", "JWT.Application\JWT.Application.csproj", "{2A91BE4A-DBEF-4A3E-9E3F-12D7C5C94D5A}"
EndProject
Project("{FAE04EC0-301F-11D3-BF4B-00C04F79EFBC}") = "JWT.Infrastructure", "JWT.Infrastructure\JWT.Infrastructure.csproj", "{63A3B948-CC96-467B-8D67-60D5E771913C}"
EndProject
Project("{FAE04EC0-301F-11D3-BF4B-00C04F79EFBC}") = "JWT.Domain", "JWT.Domain\JWT.Domain.csproj", "{DB1C35EA-02BE-49CD-84BC-4FECF712E9A3}"
EndProject
Global
	GlobalSection(SolutionConfigurationPlatforms) = preSolution
		Debug|Any CPU = Debug|Any CPU
		Release|Any CPU = Release|Any CPU
	EndGlobalSection
	GlobalSection(ProjectConfigurationPlatforms) = postSolution
		{4614B269-E9E9-4C3B-9BB6-CC0FC979F823}.Debug|Any CPU.ActiveCfg = Debug|Any CPU
		{4614B269-E9E9-4C3B-9BB6-CC0FC979F823}.Debug|Any CPU.Build.0 = Debug|Any CPU
		{4614B269-E9E9-4C3B-9BB6-CC0FC979F823}.Release|Any CPU.ActiveCfg = Release|Any CPU
		{4614B269-E9E9-4C3B-9BB6-CC0FC979F823}.Release|Any CPU.Build.0 = Release|Any CPU
		{2A91BE4A-DBEF-4A3E-9E3F-12D7C5C94D5A}.Debug|Any CPU.ActiveCfg = Debug|Any CPU
		{2A91BE4A-DBEF-4A3E-9E3F-12D7C5C94D5A}.Debug|Any CPU.Build.0 = Debug|Any CPU
		{2A91BE4A-DBEF-4A3E-9E3F-12D7C5C94D5A}.Release|Any CPU.ActiveCfg = Release|Any CPU
		{2A91BE4A-DBEF-4A3E-9E3F-12D7C5C94D5A}.Release|Any CPU.Build.0 = Release|Any CPU
		{63A3B948-CC96-467B-8D67-60D5E771913C}.Debug|Any CPU.ActiveCfg = Debug|Any CPU
		{63A3B948-CC96-467B-8D67-60D5E771913C}.Debug|Any CPU.Build.0 = Debug|Any CPU
		{63A3B948-CC96-467B-8D67-60D5E771913C}.Release|Any CPU.ActiveCfg = Release|Any CPU
		{63A3B948-CC96-467B-8D67-60D5E771913C}.Release|Any CPU.Build.0 = Release|Any CPU
		{DB1C35EA-02BE-49CD-84BC-4FECF712E9A3}.Debug|Any CPU.ActiveCfg = Debug|Any CPU
		{DB1C35EA-02BE-49CD-84BC-4FECF712E9A3}.Debug|Any CPU.Build.0 = Debug|Any CPU
		{DB1C35EA-02BE-49CD-84BC-4FECF712E9A3}.Release|Any CPU.ActiveCfg = Release|Any CPU
		{DB1C35EA-02BE-49CD-84BC-4FECF712E9A3}.Release|Any CPU.Build.0 = Release|Any CPU
	EndGlobalSection
	GlobalSection(SolutionProperties) = preSolution
		HideSolutionNode = FALSE
	EndGlobalSection
	GlobalSection(ExtensibilityGlobals) = postSolution
		SolutionGuid = {DC4CE5B4-4F87-42CE-995E-2734C6A621F3}
	EndGlobalSection
EndGlobal
