
Microsoft Visual Studio Solution File, Format Version 12.00
# Visual Studio Version 17
VisualStudioVersion = 17.8.34511.84
MinimumVisualStudioVersion = 10.0.40219.1
Project("{9A19103F-16F7-4668-BE54-9A1E7A4F7556}") = "41_lesson_partition_qanday_qilib_samarali_organish_mumkin", "41_lesson_partition_qanday_qilib_samarali_organish_mumkin\41_lesson_partition_qanday_qilib_samarali_organish_mumkin.csproj", "{3481F0D2-55FB-414A-9E97-952DF52F2E08}"
EndProject
Project("{9A19103F-16F7-4668-BE54-9A1E7A4F7556}") = "42_lesson_mongoDB_intro", "42_lesson_mongoDB_intro\42_lesson_mongoDB_intro.csproj", "{7D04AAD7-4A9A-4344-AC2B-7672733193AD}"
EndProject
Project("{9A19103F-16F7-4668-BE54-9A1E7A4F7556}") = "43_lesson_mongoDb_connect_c#", "43_lesson_mongoDb_connect_c#\43_lesson_mongoDb_connect_c#.csproj", "{3AC9AF95-3CEA-4DD4-A484-5CAC1ABF3FBA}"
EndProject
Project("{9A19103F-16F7-4668-BE54-9A1E7A4F7556}") = "44_lesson_linq", "44_lesson_linq\44_lesson_linq.csproj", "{9B59CB28-196D-4E82-9FBF-EC5D8BF1DEC8}"
EndProject
Project("{9A19103F-16F7-4668-BE54-9A1E7A4F7556}") = "45_lesson_WebApplication", "45_lesson_WebApplication\45_lesson_WebApplication.csproj", "{FA9F5E35-A153-4B28-B44F-2672C07F043C}"
EndProject
Project("{9A19103F-16F7-4668-BE54-9A1E7A4F7556}") = "46_lesson_controller_routes", "46_lesson_controller_routes\46_lesson_controller_routes.csproj", "{E23AAA73-A751-4BE3-8231-B5A42EFE254C}"
EndProject
Project("{9A19103F-16F7-4668-BE54-9A1E7A4F7556}") = "47_lesson_entity_fremwork", "47_lesson_entity_fremwork\47_lesson_entity_fremwork.csproj", "{A542AD9A-1EBC-4C31-8E23-B5589AD6E7FB}"
EndProject
Project("{9A19103F-16F7-4668-BE54-9A1E7A4F7556}") = "48_lesson_CRM_continue", "48_lesson_CRM_continue\48_lesson_CRM_continue.csproj", "{AC88A968-5693-4EC8-BC60-6FFFF0E13D8C}"
EndProject
Project("{9A19103F-16F7-4668-BE54-9A1E7A4F7556}") = "Linq", "49_lesson_LINQ_VaNihoyat\Linq\Linq.csproj", "{43274685-8923-4B0F-9733-786B778DF035}"
EndProject
Project("{9A19103F-16F7-4668-BE54-9A1E7A4F7556}") = "FullstackWeb", "49_lesson_LINQ_VaNihoyat\FullstackWeb\FullstackWeb.csproj", "{332BFF0A-0E9C-41E3-B2A3-B12716064F32}"
EndProject
Project("{2150E333-8FDC-42A3-9474-1A3956D46DE8}") = "49_lesson_linq", "49_lesson_linq", "{EC1E2CD2-F6F5-4922-93C7-451079E2CA3E}"
EndProject
Project("{FAE04EC0-301F-11D3-BF4B-00C04F79EFBC}") = "Linq_Task", "Linq_Task\Linq_Task.csproj", "{9F8D1DD5-28A8-4932-A35F-F0EA121C7391}"
EndProject
Global
	GlobalSection(SolutionConfigurationPlatforms) = preSolution
		Debug|Any CPU = Debug|Any CPU
		Release|Any CPU = Release|Any CPU
	EndGlobalSection
	GlobalSection(ProjectConfigurationPlatforms) = postSolution
		{3481F0D2-55FB-414A-9E97-952DF52F2E08}.Debug|Any CPU.ActiveCfg = Debug|Any CPU
		{3481F0D2-55FB-414A-9E97-952DF52F2E08}.Debug|Any CPU.Build.0 = Debug|Any CPU
		{3481F0D2-55FB-414A-9E97-952DF52F2E08}.Release|Any CPU.ActiveCfg = Release|Any CPU
		{3481F0D2-55FB-414A-9E97-952DF52F2E08}.Release|Any CPU.Build.0 = Release|Any CPU
		{7D04AAD7-4A9A-4344-AC2B-7672733193AD}.Debug|Any CPU.ActiveCfg = Debug|Any CPU
		{7D04AAD7-4A9A-4344-AC2B-7672733193AD}.Debug|Any CPU.Build.0 = Debug|Any CPU
		{7D04AAD7-4A9A-4344-AC2B-7672733193AD}.Release|Any CPU.ActiveCfg = Release|Any CPU
		{7D04AAD7-4A9A-4344-AC2B-7672733193AD}.Release|Any CPU.Build.0 = Release|Any CPU
		{3AC9AF95-3CEA-4DD4-A484-5CAC1ABF3FBA}.Debug|Any CPU.ActiveCfg = Debug|Any CPU
		{3AC9AF95-3CEA-4DD4-A484-5CAC1ABF3FBA}.Debug|Any CPU.Build.0 = Debug|Any CPU
		{3AC9AF95-3CEA-4DD4-A484-5CAC1ABF3FBA}.Release|Any CPU.ActiveCfg = Release|Any CPU
		{3AC9AF95-3CEA-4DD4-A484-5CAC1ABF3FBA}.Release|Any CPU.Build.0 = Release|Any CPU
		{9B59CB28-196D-4E82-9FBF-EC5D8BF1DEC8}.Debug|Any CPU.ActiveCfg = Debug|Any CPU
		{9B59CB28-196D-4E82-9FBF-EC5D8BF1DEC8}.Debug|Any CPU.Build.0 = Debug|Any CPU
		{9B59CB28-196D-4E82-9FBF-EC5D8BF1DEC8}.Release|Any CPU.ActiveCfg = Release|Any CPU
		{9B59CB28-196D-4E82-9FBF-EC5D8BF1DEC8}.Release|Any CPU.Build.0 = Release|Any CPU
		{FA9F5E35-A153-4B28-B44F-2672C07F043C}.Debug|Any CPU.ActiveCfg = Debug|Any CPU
		{FA9F5E35-A153-4B28-B44F-2672C07F043C}.Debug|Any CPU.Build.0 = Debug|Any CPU
		{FA9F5E35-A153-4B28-B44F-2672C07F043C}.Release|Any CPU.ActiveCfg = Release|Any CPU
		{FA9F5E35-A153-4B28-B44F-2672C07F043C}.Release|Any CPU.Build.0 = Release|Any CPU
		{E23AAA73-A751-4BE3-8231-B5A42EFE254C}.Debug|Any CPU.ActiveCfg = Debug|Any CPU
		{E23AAA73-A751-4BE3-8231-B5A42EFE254C}.Debug|Any CPU.Build.0 = Debug|Any CPU
		{E23AAA73-A751-4BE3-8231-B5A42EFE254C}.Release|Any CPU.ActiveCfg = Release|Any CPU
		{E23AAA73-A751-4BE3-8231-B5A42EFE254C}.Release|Any CPU.Build.0 = Release|Any CPU
		{A542AD9A-1EBC-4C31-8E23-B5589AD6E7FB}.Debug|Any CPU.ActiveCfg = Debug|Any CPU
		{A542AD9A-1EBC-4C31-8E23-B5589AD6E7FB}.Debug|Any CPU.Build.0 = Debug|Any CPU
		{A542AD9A-1EBC-4C31-8E23-B5589AD6E7FB}.Release|Any CPU.ActiveCfg = Release|Any CPU
		{A542AD9A-1EBC-4C31-8E23-B5589AD6E7FB}.Release|Any CPU.Build.0 = Release|Any CPU
		{AC88A968-5693-4EC8-BC60-6FFFF0E13D8C}.Debug|Any CPU.ActiveCfg = Debug|Any CPU
		{AC88A968-5693-4EC8-BC60-6FFFF0E13D8C}.Debug|Any CPU.Build.0 = Debug|Any CPU
		{AC88A968-5693-4EC8-BC60-6FFFF0E13D8C}.Release|Any CPU.ActiveCfg = Release|Any CPU
		{AC88A968-5693-4EC8-BC60-6FFFF0E13D8C}.Release|Any CPU.Build.0 = Release|Any CPU
		{43274685-8923-4B0F-9733-786B778DF035}.Debug|Any CPU.ActiveCfg = Debug|Any CPU
		{43274685-8923-4B0F-9733-786B778DF035}.Debug|Any CPU.Build.0 = Debug|Any CPU
		{43274685-8923-4B0F-9733-786B778DF035}.Release|Any CPU.ActiveCfg = Release|Any CPU
		{43274685-8923-4B0F-9733-786B778DF035}.Release|Any CPU.Build.0 = Release|Any CPU
		{332BFF0A-0E9C-41E3-B2A3-B12716064F32}.Debug|Any CPU.ActiveCfg = Debug|Any CPU
		{332BFF0A-0E9C-41E3-B2A3-B12716064F32}.Debug|Any CPU.Build.0 = Debug|Any CPU
		{332BFF0A-0E9C-41E3-B2A3-B12716064F32}.Release|Any CPU.ActiveCfg = Release|Any CPU
		{332BFF0A-0E9C-41E3-B2A3-B12716064F32}.Release|Any CPU.Build.0 = Release|Any CPU
		{9F8D1DD5-28A8-4932-A35F-F0EA121C7391}.Debug|Any CPU.ActiveCfg = Debug|Any CPU
		{9F8D1DD5-28A8-4932-A35F-F0EA121C7391}.Debug|Any CPU.Build.0 = Debug|Any CPU
		{9F8D1DD5-28A8-4932-A35F-F0EA121C7391}.Release|Any CPU.ActiveCfg = Release|Any CPU
		{9F8D1DD5-28A8-4932-A35F-F0EA121C7391}.Release|Any CPU.Build.0 = Release|Any CPU
	EndGlobalSection
	GlobalSection(SolutionProperties) = preSolution
		HideSolutionNode = FALSE
	EndGlobalSection
	GlobalSection(NestedProjects) = preSolution
		{9F8D1DD5-28A8-4932-A35F-F0EA121C7391} = {EC1E2CD2-F6F5-4922-93C7-451079E2CA3E}
	EndGlobalSection
	GlobalSection(ExtensibilityGlobals) = postSolution
		SolutionGuid = {58F22495-AE1F-45FB-B451-E29DF8900E75}
	EndGlobalSection
EndGlobal
